{
  "version": 1,
  "dependencies": {
    "net10.0-windows7.0": {
      "bblanchon.PDFium.Win32": {
        "type": "Direct",
        "requested": "[155.0.8044, )",
        "resolved": "155.0.8044",
        "contentHash": "TBqSYojufnh6IvzIZmsWrNwuHXMtk47AYxQPcUzVVSE971dz/dyQkdal6Z4CpFEstTE6n387NU98XYGVZCcKWA=="
      },
      "Svg.Skia": {
        "type": "Direct",
        "requested": "[5.2.3, )",
        "resolved": "5.2.3",
        "contentHash": "slGSy5Aje/30Ou2a5aezbGGWLZspBIBYlEzqgtaIVex4FUYAR3mxaYrvMZj1tHy+ESDFCGY7+2FjF6UzqGUZew==",
        "dependencies": {
          "HarfBuzzSharp": "14.2.0",
          "HarfBuzzSharp.NativeAssets.Linux": "14.2.0",
          "HarfBuzzSharp.NativeAssets.Win32": "14.2.0",
          "HarfBuzzSharp.NativeAssets.macOS": "14.2.0",
          "SkiaSharp": "4.148.0",
          "Svg.Animation": "5.2.3",
          "Svg.Custom": "5.2.3",
          "Svg.Model": "5.2.3",
          "Svg.SceneGraph": "5.2.3"
        }
      },
      "ExCSS": {
        "type": "Transitive",
        "resolved": "4.3.1",
        "contentHash": "A8UtcghHQlWxPJhJF5bsfEYO7068JHGTuJ7tzyyMjd5fE/N/xY1cVOUhzuLLFwMOCJVnM4mqSQc93W9fGfZ1kA=="
      },
      "HarfBuzzSharp": {
        "type": "Transitive",
        "resolved": "14.2.0",
        "contentHash": "B9zczdZELTKyJoNZXJLTgq+Ho2Z6H8oFcFbelvmHixkA8/2sH9acE589KvOa951g1aN262pOU5ThhZxw33bGSg==",
        "dependencies": {
          "HarfBuzzSharp.NativeAssets.Win32": "14.2.0",
          "HarfBuzzSharp.NativeAssets.macOS": "14.2.0"
        }
      },
      "HarfBuzzSharp.NativeAssets.Linux": {
        "type": "Transitive",
        "resolved": "14.2.0",
        "contentHash": "KgdkGoqCoRPAdekskR9asBbY5tzfqRcYQ0/+hz8rvPMAmbQqX1g57xr6rbGUyIVY5j5ioExZWUZ10QocUVpgwQ=="
      },
      "HarfBuzzSharp.NativeAssets.macOS": {
        "type": "Transitive",
        "resolved": "14.2.0",
        "contentHash": "v2AfGa0Q0aNRz7glbRTvkrR8w2pipUpyRHDNjOCPXnnHE3pjY0ycTY0L7dL/AByd53aQ0AGPwIEP1H9hZPPywg=="
      },
      "HarfBuzzSharp.NativeAssets.Win32": {
        "type": "Transitive",
        "resolved": "14.2.0",
        "contentHash": "NCqaG3bJDl66JdmHeyOpRUf4eiGVwu8OSxGv6ukofBiukVyUpWj01btr/telMQLQ+XuQ83iDpi6NRDFoRIcojA=="
      },
      "ShimSkiaSharp": {
        "type": "Transitive",
        "resolved": "5.2.3",
        "contentHash": "BBmIvh70WduWEF8C9HeU12LmHkg6+h2SRwJzey/tmztRk4ttAxhyu9eAD/jlsNGlqquYpoCQyyTx+QynavyfVA=="
      },
      "SkiaSharp": {
        "type": "Transitive",
        "resolved": "4.148.0",
        "contentHash": "t+oZDnzvi0en060BFDTmJ16C0zjsiXRrtOe70luIuIi/exVZtl1obrYh8D+IoHlGtp7bqzEBVncafbAl0ttmPQ==",
        "dependencies": {
          "SkiaSharp.NativeAssets.Win32": "4.148.0",
          "SkiaSharp.NativeAssets.macOS": "4.148.0"
        }
      },
      "SkiaSharp.NativeAssets.macOS": {
        "type": "Transitive",
        "resolved": "4.148.0",
        "contentHash": "1iESVxlqNNbQUiFODuyQJ/5dYUNYwGzZBUyaKNU3pJRM8zPFUkdMW0UZcZPvd6xwrjn53HYklJyKvetXC6ri+A=="
      },
      "SkiaSharp.NativeAssets.Win32": {
        "type": "Transitive",
        "resolved": "4.148.0",
        "contentHash": "LegvQ9zAi9Tmot2YOLv8mcK+g3wbEYfCWUoC5JtyHaN8QrxsaMvfJ8pFPvnEOVuY8qXxs8vVqrO/x42/YaFDRA=="
      },
      "Svg.Animation": {
        "type": "Transitive",
        "resolved": "5.2.3",
        "contentHash": "mlbLFKzSVL2wMvDxnlMKLbdbbCbZBjDwSgmCZ7dHE4l0DtVUX5kHixngZlUP8AuBoikzqsXZt4+IXJhbeJjAdA==",
        "dependencies": {
          "ShimSkiaSharp": "5.2.3",
          "SkiaSharp": "4.148.0",
          "Svg.Custom": "5.2.3",
          "Svg.Model": "5.2.3"
        }
      },
      "Svg.Custom": {
        "type": "Transitive",
        "resolved": "5.2.3",
        "contentHash": "epicuKTb55l7Y6c3f9pdP0RkoifVieS9sWvA9HsppTfYyV7RFZg89+fUA9TTPcuccqi0GUGwiPEi+9b881zlDw==",
        "dependencies": {
          "ExCSS": "4.3.1"
        }
      },
      "Svg.Model": {
        "type": "Transitive",
        "resolved": "5.2.3",
        "contentHash": "iZInP4/48rIkpFxVJNMmxDDjIBaUcGOHrzancQ3cmneHXrtH4MYkm6bzggL9hCiS2dxfLhk3JCiERoGf8j0MlA==",
        "dependencies": {
          "ShimSkiaSharp": "5.2.3",
          "Svg.Custom": "5.2.3"
        }
      },
      "Svg.SceneGraph": {
        "type": "Transitive",
        "resolved": "5.2.3",
        "contentHash": "t9HrB1n499YCvziq+sdapDjMvgY7iSzyldEDalWnoZCP3cncu92gEktBqzhUgo8A+r9mfow2TNf0u5jgV5FvlQ==",
        "dependencies": {
          "ShimSkiaSharp": "5.2.3",
          "Svg.Custom": "5.2.3",
          "Svg.Model": "5.2.3"
        }
      }
    },
    "net10.0-windows7.0/win-x64": {
      "bblanchon.PDFium.Win32": {
        "type": "Direct",
        "requested": "[155.0.8044, )",
        "resolved": "155.0.8044",
        "contentHash": "TBqSYojufnh6IvzIZmsWrNwuHXMtk47AYxQPcUzVVSE971dz/dyQkdal6Z4CpFEstTE6n387NU98XYGVZCcKWA=="
      },
      "HarfBuzzSharp.NativeAssets.Linux": {
        "type": "Transitive",
        "resolved": "14.2.0",
        "contentHash": "KgdkGoqCoRPAdekskR9asBbY5tzfqRcYQ0/+hz8rvPMAmbQqX1g57xr6rbGUyIVY5j5ioExZWUZ10QocUVpgwQ=="
      },
      "HarfBuzzSharp.NativeAssets.macOS": {
        "type": "Transitive",
        "resolved": "14.2.0",
        "contentHash": "v2AfGa0Q0aNRz7glbRTvkrR8w2pipUpyRHDNjOCPXnnHE3pjY0ycTY0L7dL/AByd53aQ0AGPwIEP1H9hZPPywg=="
      },
      "HarfBuzzSharp.NativeAssets.Win32": {
        "type": "Transitive",
        "resolved": "14.2.0",
        "contentHash": "NCqaG3bJDl66JdmHeyOpRUf4eiGVwu8OSxGv6ukofBiukVyUpWj01btr/telMQLQ+XuQ83iDpi6NRDFoRIcojA=="
      },
      "SkiaSharp.NativeAssets.macOS": {
        "type": "Transitive",
        "resolved": "4.148.0",
        "contentHash": "1iESVxlqNNbQUiFODuyQJ/5dYUNYwGzZBUyaKNU3pJRM8zPFUkdMW0UZcZPvd6xwrjn53HYklJyKvetXC6ri+A=="
      },
      "SkiaSharp.NativeAssets.Win32": {
        "type": "Transitive",
        "resolved": "4.148.0",
        "contentHash": "LegvQ9zAi9Tmot2YOLv8mcK+g3wbEYfCWUoC5JtyHaN8QrxsaMvfJ8pFPvnEOVuY8qXxs8vVqrO/x42/YaFDRA=="
      }
    }
  }
}