{
  "version": 1,
  "dependencies": {
    "net10.0-windows7.0": {
      "bblanchon.PDFium.Win32": {
        "type": "Direct",
        "requested": "[155.0.8044, )",
        "resolved": "155.0.8044",
        "contentHash": "TBqSYojufnh6IvzIZmsWrNwuHXMtk47AYxQPcUzVVSE971dz/dyQkdal6Z4CpFEstTE6n387NU98XYGVZCcKWA=="
      }
    },
    "net10.0-windows7.0/win-x64": {
      "bblanchon.PDFium.Win32": {
        "type": "Direct",
        "requested": "[155.0.8044, )",
        "resolved": "155.0.8044",
        "contentHash": "TBqSYojufnh6IvzIZmsWrNwuHXMtk47AYxQPcUzVVSE971dz/dyQkdal6Z4CpFEstTE6n387NU98XYGVZCcKWA=="
      }
    }
  }
}